// !$*UTF8*$!
{
	archiveVersion = 1;
	classes = {
	};
	objectVersion = 55;
	objects = {

/* Begin PBXBuildFile section */
		3D1146AC275695CD00E303FE /* AppDelegate.swift in Sources */ = {isa = PBXBuildFile; fileRef = 3D1146AB275695CD00E303FE /* AppDelegate.swift */; };
		3D1146B0275695CD00E303FE /* AnimalsVC.swift in Sources */ = {isa = PBXBuildFile; fileRef = 3D1146AF275695CD00E303FE /* AnimalsVC.swift */; };
		3D1146B3275695CD00E303FE /* Animal.storyboard in Resources */ = {isa = PBXBuildFile; fileRef = 3D1146B1275695CD00E303FE /* Animal.storyboard */; };
		3D1146B6275695CD00E303FE /* PetFinder.xcdatamodeld in Sources */ = {isa = PBXBuildFile; fileRef = 3D1146B4275695CD00E303FE /* PetFinder.xcdatamodeld */; };
		3D1146B8275695CF00E303FE /* Assets.xcassets in Resources */ = {isa = PBXBuildFile; fileRef = 3D1146B7275695CF00E303FE /* Assets.xcassets */; };
		3D1146BB275695CF00E303FE /* LaunchScreen.storyboard in Resources */ = {isa = PBXBuildFile; fileRef = 3D1146B9275695CF00E303FE /* LaunchScreen.storyboard */; };
		3D1146C6275695CF00E303FE /* PetFinderTests.swift in Sources */ = {isa = PBXBuildFile; fileRef = 3D1146C5275695CF00E303FE /* PetFinderTests.swift */; };
		3D1146D0275695CF00E303FE /* PetFinderUITests.swift in Sources */ = {isa = PBXBuildFile; fileRef = 3D1146CF275695CF00E303FE /* PetFinderUITests.swift */; };
		3D1146D2275695CF00E303FE /* PetFinderUITestsLaunchTests.swift in Sources */ = {isa = PBXBuildFile; fileRef = 3D1146D1275695CF00E303FE /* PetFinderUITestsLaunchTests.swift */; };
		3D1146E4275696CD00E303FE /* DataController.swift in Sources */ = {isa = PBXBuildFile; fileRef = 3D1146E3275696CD00E303FE /* DataController.swift */; };
		3D1146F227569B0700E303FE /* TargetType.swift in Sources */ = {isa = PBXBuildFile; fileRef = 3D1146F127569B0700E303FE /* TargetType.swift */; };
		3D1146F427569B2F00E303FE /* ClientProvider.swift in Sources */ = {isa = PBXBuildFile; fileRef = 3D1146F327569B2F00E303FE /* ClientProvider.swift */; };
		3D1146F727569B8A00E303FE /* Config.swift in Sources */ = {isa = PBXBuildFile; fileRef = 3D1146F627569B8A00E303FE /* Config.swift */; };
		3D1146F927569BE300E303FE /* ErrorHandler.swift in Sources */ = {isa = PBXBuildFile; fileRef = 3D1146F827569BE300E303FE /* ErrorHandler.swift */; };
		3D1146FB27569D5200E303FE /* Coordinator.swift in Sources */ = {isa = PBXBuildFile; fileRef = 3D1146FA27569D5200E303FE /* Coordinator.swift */; };
		3D11470027569DDF00E303FE /* Environment.swift in Sources */ = {isa = PBXBuildFile; fileRef = 3D1146FF27569DDF00E303FE /* Environment.swift */; };
		3D1147072756A16B00E303FE /* ViewController.swift in Sources */ = {isa = PBXBuildFile; fileRef = 3D1147062756A16B00E303FE /* ViewController.swift */; };
		3D11470A2756A18400E303FE /* ViewModel.swift in Sources */ = {isa = PBXBuildFile; fileRef = 3D1147092756A18400E303FE /* ViewModel.swift */; };
		3D11470D2756A22D00E303FE /* Reusable.swift in Sources */ = {isa = PBXBuildFile; fileRef = 3D11470C2756A22D00E303FE /* Reusable.swift */; };
		3D11470F2756A24600E303FE /* String+Ext.swift in Sources */ = {isa = PBXBuildFile; fileRef = 3D11470E2756A24600E303FE /* String+Ext.swift */; };
		3D1147112756A26A00E303FE /* UITableView+Ext.swift in Sources */ = {isa = PBXBuildFile; fileRef = 3D1147102756A26900E303FE /* UITableView+Ext.swift */; };
		3D1147132756A28600E303FE /* UIImageView+Ext.swift in Sources */ = {isa = PBXBuildFile; fileRef = 3D1147122756A28600E303FE /* UIImageView+Ext.swift */; };
		3D1147162756A2E700E303FE /* SharedFactory.swift in Sources */ = {isa = PBXBuildFile; fileRef = 3D1147152756A2E700E303FE /* SharedFactory.swift */; };
		3D11471A2756A3C300E303FE /* Organization.storyboard in Resources */ = {isa = PBXBuildFile; fileRef = 3D1147192756A3C300E303FE /* Organization.storyboard */; };
		3D11471C2756A42F00E303FE /* AppCoordinator.swift in Sources */ = {isa = PBXBuildFile; fileRef = 3D11471B2756A42F00E303FE /* AppCoordinator.swift */; };
		3D11472A2756A55600E303FE /* AnimalCoordinator.swift in Sources */ = {isa = PBXBuildFile; fileRef = 3D1147292756A55600E303FE /* AnimalCoordinator.swift */; };
		3D11472C2756A56100E303FE /* AnimalFactory.swift in Sources */ = {isa = PBXBuildFile; fileRef = 3D11472B2756A56100E303FE /* AnimalFactory.swift */; };
		3D11472E2756A56B00E303FE /* AnimalService.swift in Sources */ = {isa = PBXBuildFile; fileRef = 3D11472D2756A56B00E303FE /* AnimalService.swift */; };
		3D1147302756A57900E303FE /* AnimalsVM.swift in Sources */ = {isa = PBXBuildFile; fileRef = 3D11472F2756A57900E303FE /* AnimalsVM.swift */; };
		3D1147322756A76D00E303FE /* AnimalAPI.swift in Sources */ = {isa = PBXBuildFile; fileRef = 3D1147312756A76D00E303FE /* AnimalAPI.swift */; };
		3D1147342756AE9900E303FE /* Storyboarded.swift in Sources */ = {isa = PBXBuildFile; fileRef = 3D1147332756AE9900E303FE /* Storyboarded.swift */; };
		3D9C49352758083F00CB27AE /* HomeCoordinator.swift in Sources */ = {isa = PBXBuildFile; fileRef = 3D9C49342758083F00CB27AE /* HomeCoordinator.swift */; };
		3D9C49372758084B00CB27AE /* HomeFactory.swift in Sources */ = {isa = PBXBuildFile; fileRef = 3D9C49362758084B00CB27AE /* HomeFactory.swift */; };
		3D9C49392758085600CB27AE /* HomeVC.swift in Sources */ = {isa = PBXBuildFile; fileRef = 3D9C49382758085600CB27AE /* HomeVC.swift */; };
		3D9C493B275818F300CB27AE /* OrganizationCoordinator.swift in Sources */ = {isa = PBXBuildFile; fileRef = 3D9C493A275818F300CB27AE /* OrganizationCoordinator.swift */; };
		3D9C493D275818FE00CB27AE /* OrganizationFactory.swift in Sources */ = {isa = PBXBuildFile; fileRef = 3D9C493C275818FE00CB27AE /* OrganizationFactory.swift */; };
		3D9C493F2758190D00CB27AE /* OrganizationService.swift in Sources */ = {isa = PBXBuildFile; fileRef = 3D9C493E2758190D00CB27AE /* OrganizationService.swift */; };
		3D9C49412758191900CB27AE /* OrganizationAPI.swift in Sources */ = {isa = PBXBuildFile; fileRef = 3D9C49402758191900CB27AE /* OrganizationAPI.swift */; };
		3D9C49432758192800CB27AE /* OrganizationsVC.swift in Sources */ = {isa = PBXBuildFile; fileRef = 3D9C49422758192800CB27AE /* OrganizationsVC.swift */; };
		3D9C49452758193300CB27AE /* OrganizationsVM.swift in Sources */ = {isa = PBXBuildFile; fileRef = 3D9C49442758193300CB27AE /* OrganizationsVM.swift */; };
		3D9C494827581FD300CB27AE /* Onboarding.storyboard in Resources */ = {isa = PBXBuildFile; fileRef = 3D9C494727581FD300CB27AE /* Onboarding.storyboard */; };
		3D9C49502758201600CB27AE /* OnboardingCoordinator.swift in Sources */ = {isa = PBXBuildFile; fileRef = 3D9C494F2758201600CB27AE /* OnboardingCoordinator.swift */; };
		3D9C49522758201F00CB27AE /* OnboardingFactory.swift in Sources */ = {isa = PBXBuildFile; fileRef = 3D9C49512758201F00CB27AE /* OnboardingFactory.swift */; };
		3D9C49542758202900CB27AE /* OnboardingAPI.swift in Sources */ = {isa = PBXBuildFile; fileRef = 3D9C49532758202900CB27AE /* OnboardingAPI.swift */; };
		3D9C49562758203300CB27AE /* OnboardingService.swift in Sources */ = {isa = PBXBuildFile; fileRef = 3D9C49552758203300CB27AE /* OnboardingService.swift */; };
		3D9C49582758203C00CB27AE /* OnboardingVC.swift in Sources */ = {isa = PBXBuildFile; fileRef = 3D9C49572758203C00CB27AE /* OnboardingVC.swift */; };
		3D9C495A2758204500CB27AE /* OnboardingVM.swift in Sources */ = {isa = PBXBuildFile; fileRef = 3D9C49592758204500CB27AE /* OnboardingVM.swift */; };
		3D9C495D275823EC00CB27AE /* Token.swift in Sources */ = {isa = PBXBuildFile; fileRef = 3D9C495C275823EC00CB27AE /* Token.swift */; };
/* End PBXBuildFile section */

/* Begin PBXContainerItemProxy section */
		3D1146C2275695CF00E303FE /* PBXContainerItemProxy */ = {
			isa = PBXContainerItemProxy;
			containerPortal = 3D1146A0275695CD00E303FE /* Project object */;
			proxyType = 1;
			remoteGlobalIDString = 3D1146A7275695CD00E303FE;
			remoteInfo = PetFinder;
		};
		3D1146CC275695CF00E303FE /* PBXContainerItemProxy */ = {
			isa = PBXContainerItemProxy;
			containerPortal = 3D1146A0275695CD00E303FE /* Project object */;
			proxyType = 1;
			remoteGlobalIDString = 3D1146A7275695CD00E303FE;
			remoteInfo = PetFinder;
		};
/* End PBXContainerItemProxy section */

/* Begin PBXFileReference section */
		3D1146A8275695CD00E303FE /* PetFinder.app */ = {isa = PBXFileReference; explicitFileType = wrapper.application; includeInIndex = 0; path = PetFinder.app; sourceTree = BUILT_PRODUCTS_DIR; };
		3D1146AB275695CD00E303FE /* AppDelegate.swift */ = {isa = PBXFileReference; lastKnownFileType = sourcecode.swift; path = AppDelegate.swift; sourceTree = "<group>"; };
		3D1146AF275695CD00E303FE /* AnimalsVC.swift */ = {isa = PBXFileReference; lastKnownFileType = sourcecode.swift; path = AnimalsVC.swift; sourceTree = "<group>"; };
		3D1146B2275695CD00E303FE /* Base */ = {isa = PBXFileReference; lastKnownFileType = file.storyboard; name = Base; path = Base.lproj/Animal.storyboard; sourceTree = "<group>"; };
		3D1146B5275695CD00E303FE /* PetFinder.xcdatamodel */ = {isa = PBXFileReference; lastKnownFileType = wrapper.xcdatamodel; path = PetFinder.xcdatamodel; sourceTree = "<group>"; };
		3D1146B7275695CF00E303FE /* Assets.xcassets */ = {isa = PBXFileReference; lastKnownFileType = folder.assetcatalog; path = Assets.xcassets; sourceTree = "<group>"; };
		3D1146BA275695CF00E303FE /* Base */ = {isa = PBXFileReference; lastKnownFileType = file.storyboard; name = Base; path = Base.lproj/LaunchScreen.storyboard; sourceTree = "<group>"; };
		3D1146BC275695CF00E303FE /* Info.plist */ = {isa = PBXFileReference; lastKnownFileType = text.plist.xml; path = Info.plist; sourceTree = "<group>"; };
		3D1146C1275695CF00E303FE /* PetFinderTests.xctest */ = {isa = PBXFileReference; explicitFileType = wrapper.cfbundle; includeInIndex = 0; path = PetFinderTests.xctest; sourceTree = BUILT_PRODUCTS_DIR; };
		3D1146C5275695CF00E303FE /* PetFinderTests.swift */ = {isa = PBXFileReference; lastKnownFileType = sourcecode.swift; path = PetFinderTests.swift; sourceTree = "<group>"; };
		3D1146CB275695CF00E303FE /* PetFinderUITests.xctest */ = {isa = PBXFileReference; explicitFileType = wrapper.cfbundle; includeInIndex = 0; path = PetFinderUITests.xctest; sourceTree = BUILT_PRODUCTS_DIR; };
		3D1146CF275695CF00E303FE /* PetFinderUITests.swift */ = {isa = PBXFileReference; lastKnownFileType = sourcecode.swift; path = PetFinderUITests.swift; sourceTree = "<group>"; };
		3D1146D1275695CF00E303FE /* PetFinderUITestsLaunchTests.swift */ = {isa = PBXFileReference; lastKnownFileType = sourcecode.swift; path = PetFinderUITestsLaunchTests.swift; sourceTree = "<group>"; };
		3D1146E3275696CD00E303FE /* DataController.swift */ = {isa = PBXFileReference; lastKnownFileType = sourcecode.swift; path = DataController.swift; sourceTree = "<group>"; };
		3D1146F127569B0700E303FE /* TargetType.swift */ = {isa = PBXFileReference; lastKnownFileType = sourcecode.swift; path = TargetType.swift; sourceTree = "<group>"; };
		3D1146F327569B2F00E303FE /* ClientProvider.swift */ = {isa = PBXFileReference; lastKnownFileType = sourcecode.swift; path = ClientProvider.swift; sourceTree = "<group>"; };
		3D1146F627569B8A00E303FE /* Config.swift */ = {isa = PBXFileReference; lastKnownFileType = sourcecode.swift; path = Config.swift; sourceTree = "<group>"; };
		3D1146F827569BE300E303FE /* ErrorHandler.swift */ = {isa = PBXFileReference; lastKnownFileType = sourcecode.swift; path = ErrorHandler.swift; sourceTree = "<group>"; };
		3D1146FA27569D5200E303FE /* Coordinator.swift */ = {isa = PBXFileReference; lastKnownFileType = sourcecode.swift; path = Coordinator.swift; sourceTree = "<group>"; };
		3D1146FF27569DDF00E303FE /* Environment.swift */ = {isa = PBXFileReference; lastKnownFileType = sourcecode.swift; path = Environment.swift; sourceTree = "<group>"; };
		3D11470327569E4F00E303FE /* Debug.xcconfig */ = {isa = PBXFileReference; lastKnownFileType = text.xcconfig; path = Debug.xcconfig; sourceTree = "<group>"; };
		3D11470427569E5F00E303FE /* Release.xcconfig */ = {isa = PBXFileReference; lastKnownFileType = text.xcconfig; path = Release.xcconfig; sourceTree = "<group>"; };
		3D1147062756A16B00E303FE /* ViewController.swift */ = {isa = PBXFileReference; lastKnownFileType = sourcecode.swift; path = ViewController.swift; sourceTree = "<group>"; };
		3D1147092756A18400E303FE /* ViewModel.swift */ = {isa = PBXFileReference; lastKnownFileType = sourcecode.swift; path = ViewModel.swift; sourceTree = "<group>"; };
		3D11470C2756A22D00E303FE /* Reusable.swift */ = {isa = PBXFileReference; lastKnownFileType = sourcecode.swift; path = Reusable.swift; sourceTree = "<group>"; };
		3D11470E2756A24600E303FE /* String+Ext.swift */ = {isa = PBXFileReference; lastKnownFileType = sourcecode.swift; path = "String+Ext.swift"; sourceTree = "<group>"; };
		3D1147102756A26900E303FE /* UITableView+Ext.swift */ = {isa = PBXFileReference; lastKnownFileType = sourcecode.swift; path = "UITableView+Ext.swift"; sourceTree = "<group>"; };
		3D1147122756A28600E303FE /* UIImageView+Ext.swift */ = {isa = PBXFileReference; lastKnownFileType = sourcecode.swift; path = "UIImageView+Ext.swift"; sourceTree = "<group>"; };
		3D1147152756A2E700E303FE /* SharedFactory.swift */ = {isa = PBXFileReference; lastKnownFileType = sourcecode.swift; path = SharedFactory.swift; sourceTree = "<group>"; };
		3D1147192756A3C300E303FE /* Organization.storyboard */ = {isa = PBXFileReference; lastKnownFileType = file.storyboard; path = Organization.storyboard; sourceTree = "<group>"; };
		3D11471B2756A42F00E303FE /* AppCoordinator.swift */ = {isa = PBXFileReference; lastKnownFileType = sourcecode.swift; path = AppCoordinator.swift; sourceTree = "<group>"; };
		3D1147292756A55600E303FE /* AnimalCoordinator.swift */ = {isa = PBXFileReference; lastKnownFileType = sourcecode.swift; path = AnimalCoordinator.swift; sourceTree = "<group>"; };
		3D11472B2756A56100E303FE /* AnimalFactory.swift */ = {isa = PBXFileReference; lastKnownFileType = sourcecode.swift; path = AnimalFactory.swift; sourceTree = "<group>"; };
		3D11472D2756A56B00E303FE /* AnimalService.swift */ = {isa = PBXFileReference; lastKnownFileType = sourcecode.swift; path = AnimalService.swift; sourceTree = "<group>"; };
		3D11472F2756A57900E303FE /* AnimalsVM.swift */ = {isa = PBXFileReference; lastKnownFileType = sourcecode.swift; path = AnimalsVM.swift; sourceTree = "<group>"; };
		3D1147312756A76D00E303FE /* AnimalAPI.swift */ = {isa = PBXFileReference; lastKnownFileType = sourcecode.swift; path = AnimalAPI.swift; sourceTree = "<group>"; };
		3D1147332756AE9900E303FE /* Storyboarded.swift */ = {isa = PBXFileReference; lastKnownFileType = sourcecode.swift; path = Storyboarded.swift; sourceTree = "<group>"; };
		3D9C49342758083F00CB27AE /* HomeCoordinator.swift */ = {isa = PBXFileReference; lastKnownFileType = sourcecode.swift; path = HomeCoordinator.swift; sourceTree = "<group>"; };
		3D9C49362758084B00CB27AE /* HomeFactory.swift */ = {isa = PBXFileReference; lastKnownFileType = sourcecode.swift; path = HomeFactory.swift; sourceTree = "<group>"; };
		3D9C49382758085600CB27AE /* HomeVC.swift */ = {isa = PBXFileReference; lastKnownFileType = sourcecode.swift; path = HomeVC.swift; sourceTree = "<group>"; };
		3D9C493A275818F300CB27AE /* OrganizationCoordinator.swift */ = {isa = PBXFileReference; lastKnownFileType = sourcecode.swift; path = OrganizationCoordinator.swift; sourceTree = "<group>"; };
		3D9C493C275818FE00CB27AE /* OrganizationFactory.swift */ = {isa = PBXFileReference; lastKnownFileType = sourcecode.swift; path = OrganizationFactory.swift; sourceTree = "<group>"; };
		3D9C493E2758190D00CB27AE /* OrganizationService.swift */ = {isa = PBXFileReference; lastKnownFileType = sourcecode.swift; path = OrganizationService.swift; sourceTree = "<group>"; };
		3D9C49402758191900CB27AE /* OrganizationAPI.swift */ = {isa = PBXFileReference; lastKnownFileType = sourcecode.swift; path = OrganizationAPI.swift; sourceTree = "<group>"; };
		3D9C49422758192800CB27AE /* OrganizationsVC.swift */ = {isa = PBXFileReference; lastKnownFileType = sourcecode.swift; path = OrganizationsVC.swift; sourceTree = "<group>"; };
		3D9C49442758193300CB27AE /* OrganizationsVM.swift */ = {isa = PBXFileReference; lastKnownFileType = sourcecode.swift; path = OrganizationsVM.swift; sourceTree = "<group>"; };
		3D9C494727581FD300CB27AE /* Onboarding.storyboard */ = {isa = PBXFileReference; lastKnownFileType = file.storyboard; path = Onboarding.storyboard; sourceTree = "<group>"; };
		3D9C494F2758201600CB27AE /* OnboardingCoordinator.swift */ = {isa = PBXFileReference; lastKnownFileType = sourcecode.swift; path = OnboardingCoordinator.swift; sourceTree = "<group>"; };
		3D9C49512758201F00CB27AE /* OnboardingFactory.swift */ = {isa = PBXFileReference; lastKnownFileType = sourcecode.swift; path = OnboardingFactory.swift; sourceTree = "<group>"; };
		3D9C49532758202900CB27AE /* OnboardingAPI.swift */ = {isa = PBXFileReference; lastKnownFileType = sourcecode.swift; path = OnboardingAPI.swift; sourceTree = "<group>"; };
		3D9C49552758203300CB27AE /* OnboardingService.swift */ = {isa = PBXFileReference; lastKnownFileType = sourcecode.swift; path = OnboardingService.swift; sourceTree = "<group>"; };
		3D9C49572758203C00CB27AE /* OnboardingVC.swift */ = {isa = PBXFileReference; lastKnownFileType = sourcecode.swift; path = OnboardingVC.swift; sourceTree = "<group>"; };
		3D9C49592758204500CB27AE /* OnboardingVM.swift */ = {isa = PBXFileReference; lastKnownFileType = sourcecode.swift; path = OnboardingVM.swift; sourceTree = "<group>"; };
		3D9C495C275823EC00CB27AE /* Token.swift */ = {isa = PBXFileReference; lastKnownFileType = sourcecode.swift; path = Token.swift; sourceTree = "<group>"; };
/* End PBXFileReference section */

/* Begin PBXFrameworksBuildPhase section */
		3D1146A5275695CD00E303FE /* Frameworks */ = {
			isa = PBXFrameworksBuildPhase;
			buildActionMask = 2147483647;
			files = (
			);
			runOnlyForDeploymentPostprocessing = 0;
		};
		3D1146BE275695CF00E303FE /* Frameworks */ = {
			isa = PBXFrameworksBuildPhase;
			buildActionMask = 2147483647;
			files = (
			);
			runOnlyForDeploymentPostprocessing = 0;
		};
		3D1146C8275695CF00E303FE /* Frameworks */ = {
			isa = PBXFrameworksBuildPhase;
			buildActionMask = 2147483647;
			files = (
			);
			runOnlyForDeploymentPostprocessing = 0;
		};
/* End PBXFrameworksBuildPhase section */

/* Begin PBXGroup section */
		3D11469F275695CD00E303FE = {
			isa = PBXGroup;
			children = (
				3D1146AA275695CD00E303FE /* PetFinder */,
				3D1146C4275695CF00E303FE /* PetFinderTests */,
				3D1146CE275695CF00E303FE /* PetFinderUITests */,
				3D1146A9275695CD00E303FE /* Products */,
			);
			sourceTree = "<group>";
		};
		3D1146A9275695CD00E303FE /* Products */ = {
			isa = PBXGroup;
			children = (
				3D1146A8275695CD00E303FE /* PetFinder.app */,
				3D1146C1275695CF00E303FE /* PetFinderTests.xctest */,
				3D1146CB275695CF00E303FE /* PetFinderUITests.xctest */,
			);
			name = Products;
			sourceTree = "<group>";
		};
		3D1146AA275695CD00E303FE /* PetFinder */ = {
			isa = PBXGroup;
			children = (
				3D1146DE2756962600E303FE /* App */,
				3D11470127569E1800E303FE /* Resources */,
				3D1146E02756963900E303FE /* Scenes */,
				3D1146EF27569AB100E303FE /* Shared */,
				3D1146E12756966000E303FE /* SupportingItems */,
			);
			path = PetFinder;
			sourceTree = "<group>";
		};
		3D1146C4275695CF00E303FE /* PetFinderTests */ = {
			isa = PBXGroup;
			children = (
				3D1146C5275695CF00E303FE /* PetFinderTests.swift */,
			);
			path = PetFinderTests;
			sourceTree = "<group>";
		};
		3D1146CE275695CF00E303FE /* PetFinderUITests */ = {
			isa = PBXGroup;
			children = (
				3D1146CF275695CF00E303FE /* PetFinderUITests.swift */,
				3D1146D1275695CF00E303FE /* PetFinderUITestsLaunchTests.swift */,
			);
			path = PetFinderUITests;
			sourceTree = "<group>";
		};
		3D1146DE2756962600E303FE /* App */ = {
			isa = PBXGroup;
			children = (
				3D1146AB275695CD00E303FE /* AppDelegate.swift */,
				3D11471B2756A42F00E303FE /* AppCoordinator.swift */,
			);
			path = App;
			sourceTree = "<group>";
		};
		3D1146DF2756962C00E303FE /* Models */ = {
			isa = PBXGroup;
			children = (
				3D1146B4275695CD00E303FE /* PetFinder.xcdatamodeld */,
				3D1146E3275696CD00E303FE /* DataController.swift */,
			);
			path = Models;
			sourceTree = "<group>";
		};
		3D1146E02756963900E303FE /* Scenes */ = {
			isa = PBXGroup;
			children = (
				3D9C494627581FB600CB27AE /* Onboarding */,
				3D1147182756A38800E303FE /* Animal */,
				3D9C492F275807E300CB27AE /* Home */,
				3D1147172756A37F00E303FE /* Organization */,
			);
			path = Scenes;
			sourceTree = "<group>";
		};
		3D1146E12756966000E303FE /* SupportingItems */ = {
			isa = PBXGroup;
			children = (
				3D1146B7275695CF00E303FE /* Assets.xcassets */,
				3D1146BC275695CF00E303FE /* Info.plist */,
				3D1146B9275695CF00E303FE /* LaunchScreen.storyboard */,
			);
			path = SupportingItems;
			sourceTree = "<group>";
		};
		3D1146E22756969A00E303FE /* ViewControllers */ = {
			isa = PBXGroup;
			children = (
				3D1146AF275695CD00E303FE /* AnimalsVC.swift */,
			);
			path = ViewControllers;
			sourceTree = "<group>";
		};
		3D1146EF27569AB100E303FE /* Shared */ = {
			isa = PBXGroup;
			children = (
				3D1146F527569B8000E303FE /* Config */,
				3D1146FD27569D6500E303FE /* Coordinator */,
				3D1146FE27569DD500E303FE /* Environment */,
				3D11470B2756A21F00E303FE /* Extensions */,
				3D1147142756A2D500E303FE /* Factory */,
				3D1146DF2756962C00E303FE /* Models */,
				3D1146F027569ACC00E303FE /* Networking */,
				3D1147052756A15600E303FE /* ViewController */,
				3D1147082756A17A00E303FE /* ViewModel */,
			);
			path = Shared;
			sourceTree = "<group>";
		};
		3D1146F027569ACC00E303FE /* Networking */ = {
			isa = PBXGroup;
			children = (
				3D1146F127569B0700E303FE /* TargetType.swift */,
				3D1146F327569B2F00E303FE /* ClientProvider.swift */,
				3D1146F827569BE300E303FE /* ErrorHandler.swift */,
			);
			path = Networking;
			sourceTree = "<group>";
		};
		3D1146F527569B8000E303FE /* Config */ = {
			isa = PBXGroup;
			children = (
				3D1146F627569B8A00E303FE /* Config.swift */,
			);
			path = Config;
			sourceTree = "<group>";
		};
		3D1146FD27569D6500E303FE /* Coordinator */ = {
			isa = PBXGroup;
			children = (
				3D1146FA27569D5200E303FE /* Coordinator.swift */,
			);
			path = Coordinator;
			sourceTree = "<group>";
		};
		3D1146FE27569DD500E303FE /* Environment */ = {
			isa = PBXGroup;
			children = (
				3D1146FF27569DDF00E303FE /* Environment.swift */,
			);
			path = Environment;
			sourceTree = "<group>";
		};
		3D11470127569E1800E303FE /* Resources */ = {
			isa = PBXGroup;
			children = (
				3D11470227569E3000E303FE /* Configuration */,
			);
			path = Resources;
			sourceTree = "<group>";
		};
		3D11470227569E3000E303FE /* Configuration */ = {
			isa = PBXGroup;
			children = (
				3D11470327569E4F00E303FE /* Debug.xcconfig */,
				3D11470427569E5F00E303FE /* Release.xcconfig */,
			);
			path = Configuration;
			sourceTree = "<group>";
		};
		3D1147052756A15600E303FE /* ViewController */ = {
			isa = PBXGroup;
			children = (
				3D1147062756A16B00E303FE /* ViewController.swift */,
				3D1147332756AE9900E303FE /* Storyboarded.swift */,
			);
			path = ViewController;
			sourceTree = "<group>";
		};
		3D1147082756A17A00E303FE /* ViewModel */ = {
			isa = PBXGroup;
			children = (
				3D1147092756A18400E303FE /* ViewModel.swift */,
			);
			path = ViewModel;
			sourceTree = "<group>";
		};
		3D11470B2756A21F00E303FE /* Extensions */ = {
			isa = PBXGroup;
			children = (
				3D11470C2756A22D00E303FE /* Reusable.swift */,
				3D11470E2756A24600E303FE /* String+Ext.swift */,
				3D1147102756A26900E303FE /* UITableView+Ext.swift */,
				3D1147122756A28600E303FE /* UIImageView+Ext.swift */,
			);
			path = Extensions;
			sourceTree = "<group>";
		};
		3D1147142756A2D500E303FE /* Factory */ = {
			isa = PBXGroup;
			children = (
				3D1147152756A2E700E303FE /* SharedFactory.swift */,
			);
			path = Factory;
			sourceTree = "<group>";
		};
		3D1147172756A37F00E303FE /* Organization */ = {
			isa = PBXGroup;
			children = (
				3D1147222756A50C00E303FE /* Coordinator */,
				3D1147242756A51700E303FE /* Factory */,
				3D1147272756A52F00E303FE /* Service */,
				3D1147252756A51E00E303FE /* ViewControllers */,
				3D1147282756A53900E303FE /* ViewModels */,
				3D1147262756A52600E303FE /* Views */,
			);
			path = Organization;
			sourceTree = "<group>";
		};
		3D1147182756A38800E303FE /* Animal */ = {
			isa = PBXGroup;
			children = (
				3D1147212756A4EA00E303FE /* Coordinator */,
				3D11471E2756A4D100E303FE /* Factory */,
				3D1147202756A4E500E303FE /* Service */,
				3D1146E22756969A00E303FE /* ViewControllers */,
				3D11471D2756A4CB00E303FE /* ViewModels */,
				3D11471F2756A4D600E303FE /* Views */,
			);
			path = Animal;
			sourceTree = "<group>";
		};
		3D11471D2756A4CB00E303FE /* ViewModels */ = {
			isa = PBXGroup;
			children = (
				3D11472F2756A57900E303FE /* AnimalsVM.swift */,
			);
			path = ViewModels;
			sourceTree = "<group>";
		};
		3D11471E2756A4D100E303FE /* Factory */ = {
			isa = PBXGroup;
			children = (
				3D11472B2756A56100E303FE /* AnimalFactory.swift */,
			);
			path = Factory;
			sourceTree = "<group>";
		};
		3D11471F2756A4D600E303FE /* Views */ = {
			isa = PBXGroup;
			children = (
				3D1146B1275695CD00E303FE /* Animal.storyboard */,
			);
			path = Views;
			sourceTree = "<group>";
		};
		3D1147202756A4E500E303FE /* Service */ = {
			isa = PBXGroup;
			children = (
				3D1147312756A76D00E303FE /* AnimalAPI.swift */,
				3D11472D2756A56B00E303FE /* AnimalService.swift */,
			);
			path = Service;
			sourceTree = "<group>";
		};
		3D1147212756A4EA00E303FE /* Coordinator */ = {
			isa = PBXGroup;
			children = (
				3D1147292756A55600E303FE /* AnimalCoordinator.swift */,
			);
			path = Coordinator;
			sourceTree = "<group>";
		};
		3D1147222756A50C00E303FE /* Coordinator */ = {
			isa = PBXGroup;
			children = (
				3D9C493A275818F300CB27AE /* OrganizationCoordinator.swift */,
			);
			path = Coordinator;
			sourceTree = "<group>";
		};
		3D1147242756A51700E303FE /* Factory */ = {
			isa = PBXGroup;
			children = (
				3D9C493C275818FE00CB27AE /* OrganizationFactory.swift */,
			);
			path = Factory;
			sourceTree = "<group>";
		};
		3D1147252756A51E00E303FE /* ViewControllers */ = {
			isa = PBXGroup;
			children = (
				3D9C49422758192800CB27AE /* OrganizationsVC.swift */,
			);
			path = ViewControllers;
			sourceTree = "<group>";
		};
		3D1147262756A52600E303FE /* Views */ = {
			isa = PBXGroup;
			children = (
				3D1147192756A3C300E303FE /* Organization.storyboard */,
			);
			path = Views;
			sourceTree = "<group>";
		};
		3D1147272756A52F00E303FE /* Service */ = {
			isa = PBXGroup;
			children = (
				3D9C493E2758190D00CB27AE /* OrganizationService.swift */,
				3D9C49402758191900CB27AE /* OrganizationAPI.swift */,
			);
			path = Service;
			sourceTree = "<group>";
		};
		3D1147282756A53900E303FE /* ViewModels */ = {
			isa = PBXGroup;
			children = (
				3D9C49442758193300CB27AE /* OrganizationsVM.swift */,
			);
			path = ViewModels;
			sourceTree = "<group>";
		};
		3D9C492F275807E300CB27AE /* Home */ = {
			isa = PBXGroup;
			children = (
				3D9C4930275807FE00CB27AE /* Coordinator */,
				3D9C49312758080700CB27AE /* Factory */,
				3D9C49322758081000CB27AE /* ViewControllers */,
			);
			path = Home;
			sourceTree = "<group>";
		};
		3D9C4930275807FE00CB27AE /* Coordinator */ = {
			isa = PBXGroup;
			children = (
				3D9C49342758083F00CB27AE /* HomeCoordinator.swift */,
			);
			path = Coordinator;
			sourceTree = "<group>";
		};
		3D9C49312758080700CB27AE /* Factory */ = {
			isa = PBXGroup;
			children = (
				3D9C49362758084B00CB27AE /* HomeFactory.swift */,
			);
			path = Factory;
			sourceTree = "<group>";
		};
		3D9C49322758081000CB27AE /* ViewControllers */ = {
			isa = PBXGroup;
			children = (
				3D9C49382758085600CB27AE /* HomeVC.swift */,
			);
			path = ViewControllers;
			sourceTree = "<group>";
		};
		3D9C494627581FB600CB27AE /* Onboarding */ = {
			isa = PBXGroup;
			children = (
				3D9C495B275823E200CB27AE /* Models */,
				3D9C494927581FD900CB27AE /* Coordinator */,
				3D9C494A27581FE300CB27AE /* Factory */,
				3D9C494B27581FEA00CB27AE /* Service */,
				3D9C494C27581FF200CB27AE /* ViewControllers */,
				3D9C494D27581FFB00CB27AE /* ViewModels */,
				3D9C494E2758200200CB27AE /* Views */,
			);
			path = Onboarding;
			sourceTree = "<group>";
		};
		3D9C494927581FD900CB27AE /* Coordinator */ = {
			isa = PBXGroup;
			children = (
				3D9C494F2758201600CB27AE /* OnboardingCoordinator.swift */,
			);
			path = Coordinator;
			sourceTree = "<group>";
		};
		3D9C494A27581FE300CB27AE /* Factory */ = {
			isa = PBXGroup;
			children = (
				3D9C49512758201F00CB27AE /* OnboardingFactory.swift */,
			);
			path = Factory;
			sourceTree = "<group>";
		};
		3D9C494B27581FEA00CB27AE /* Service */ = {
			isa = PBXGroup;
			children = (
				3D9C49532758202900CB27AE /* OnboardingAPI.swift */,
				3D9C49552758203300CB27AE /* OnboardingService.swift */,
			);
			path = Service;
			sourceTree = "<group>";
		};
		3D9C494C27581FF200CB27AE /* ViewControllers */ = {
			isa = PBXGroup;
			children = (
				3D9C49572758203C00CB27AE /* OnboardingVC.swift */,
			);
			path = ViewControllers;
			sourceTree = "<group>";
		};
		3D9C494D27581FFB00CB27AE /* ViewModels */ = {
			isa = PBXGroup;
			children = (
				3D9C49592758204500CB27AE /* OnboardingVM.swift */,
			);
			path = ViewModels;
			sourceTree = "<group>";
		};
		3D9C494E2758200200CB27AE /* Views */ = {
			isa = PBXGroup;
			children = (
				3D9C494727581FD300CB27AE /* Onboarding.storyboard */,
			);
			path = Views;
			sourceTree = "<group>";
		};
		3D9C495B275823E200CB27AE /* Models */ = {
			isa = PBXGroup;
			children = (
				3D9C495C275823EC00CB27AE /* Token.swift */,
			);
			path = Models;
			sourceTree = "<group>";
		};
/* End PBXGroup section */

/* Begin PBXNativeTarget section */
		3D1146A7275695CD00E303FE /* PetFinder */ = {
			isa = PBXNativeTarget;
			buildConfigurationList = 3D1146D5275695CF00E303FE /* Build configuration list for PBXNativeTarget "PetFinder" */;
			buildPhases = (
				3D1146A4275695CD00E303FE /* Sources */,
				3D1146A5275695CD00E303FE /* Frameworks */,
				3D1146A6275695CD00E303FE /* Resources */,
			);
			buildRules = (
			);
			dependencies = (
			);
			name = PetFinder;
			productName = PetFinder;
			productReference = 3D1146A8275695CD00E303FE /* PetFinder.app */;
			productType = "com.apple.product-type.application";
		};
		3D1146C0275695CF00E303FE /* PetFinderTests */ = {
			isa = PBXNativeTarget;
			buildConfigurationList = 3D1146D8275695CF00E303FE /* Build configuration list for PBXNativeTarget "PetFinderTests" */;
			buildPhases = (
				3D1146BD275695CF00E303FE /* Sources */,
				3D1146BE275695CF00E303FE /* Frameworks */,
				3D1146BF275695CF00E303FE /* Resources */,
			);
			buildRules = (
			);
			dependencies = (
				3D1146C3275695CF00E303FE /* PBXTargetDependency */,
			);
			name = PetFinderTests;
			productName = PetFinderTests;
			productReference = 3D1146C1275695CF00E303FE /* PetFinderTests.xctest */;
			productType = "com.apple.product-type.bundle.unit-test";
		};
		3D1146CA275695CF00E303FE /* PetFinderUITests */ = {
			isa = PBXNativeTarget;
			buildConfigurationList = 3D1146DB275695CF00E303FE /* Build configuration list for PBXNativeTarget "PetFinderUITests" */;
			buildPhases = (
				3D1146C7275695CF00E303FE /* Sources */,
				3D1146C8275695CF00E303FE /* Frameworks */,
				3D1146C9275695CF00E303FE /* Resources */,
			);
			buildRules = (
			);
			dependencies = (
				3D1146CD275695CF00E303FE /* PBXTargetDependency */,
			);
			name = PetFinderUITests;
			productName = PetFinderUITests;
			productReference = 3D1146CB275695CF00E303FE /* PetFinderUITests.xctest */;
			productType = "com.apple.product-type.bundle.ui-testing";
		};
/* End PBXNativeTarget section */

/* Begin PBXProject section */
		3D1146A0275695CD00E303FE /* Project object */ = {
			isa = PBXProject;
			attributes = {
				BuildIndependentTargetsInParallel = 1;
				LastSwiftUpdateCheck = 1310;
				LastUpgradeCheck = 1310;
				TargetAttributes = {
					3D1146A7275695CD00E303FE = {
						CreatedOnToolsVersion = 13.1;
					};
					3D1146C0275695CF00E303FE = {
						CreatedOnToolsVersion = 13.1;
						TestTargetID = 3D1146A7275695CD00E303FE;
					};
					3D1146CA275695CF00E303FE = {
						CreatedOnToolsVersion = 13.1;
						TestTargetID = 3D1146A7275695CD00E303FE;
					};
				};
			};
			buildConfigurationList = 3D1146A3275695CD00E303FE /* Build configuration list for PBXProject "PetFinder" */;
			compatibilityVersion = "Xcode 13.0";
			developmentRegion = en;
			hasScannedForEncodings = 0;
			knownRegions = (
				en,
				Base,
			);
			mainGroup = 3D11469F275695CD00E303FE;
			productRefGroup = 3D1146A9275695CD00E303FE /* Products */;
			projectDirPath = "";
			projectRoot = "";
			targets = (
				3D1146A7275695CD00E303FE /* PetFinder */,
				3D1146C0275695CF00E303FE /* PetFinderTests */,
				3D1146CA275695CF00E303FE /* PetFinderUITests */,
			);
		};
/* End PBXProject section */

/* Begin PBXResourcesBuildPhase section */
		3D1146A6275695CD00E303FE /* Resources */ = {
			isa = PBXResourcesBuildPhase;
			buildActionMask = 2147483647;
			files = (
				3D1146BB275695CF00E303FE /* LaunchScreen.storyboard in Resources */,
				3D9C494827581FD300CB27AE /* Onboarding.storyboard in Resources */,
				3D1146B8275695CF00E303FE /* Assets.xcassets in Resources */,
				3D1146B3275695CD00E303FE /* Animal.storyboard in Resources */,
				3D11471A2756A3C300E303FE /* Organization.storyboard in Resources */,
			);
			runOnlyForDeploymentPostprocessing = 0;
		};
		3D1146BF275695CF00E303FE /* Resources */ = {
			isa = PBXResourcesBuildPhase;
			buildActionMask = 2147483647;
			files = (
			);
			runOnlyForDeploymentPostprocessing = 0;
		};
		3D1146C9275695CF00E303FE /* Resources */ = {
			isa = PBXResourcesBuildPhase;
			buildActionMask = 2147483647;
			files = (
			);
			runOnlyForDeploymentPostprocessing = 0;
		};
/* End PBXResourcesBuildPhase section */

/* Begin PBXSourcesBuildPhase section */
		3D1146A4275695CD00E303FE /* Sources */ = {
			isa = PBXSourcesBuildPhase;
			buildActionMask = 2147483647;
			files = (
				3D9C49562758203300CB27AE /* OnboardingService.swift in Sources */,
				3D9C493F2758190D00CB27AE /* OrganizationService.swift in Sources */,
				3D1147302756A57900E303FE /* AnimalsVM.swift in Sources */,
				3D9C493B275818F300CB27AE /* OrganizationCoordinator.swift in Sources */,
				3D11472A2756A55600E303FE /* AnimalCoordinator.swift in Sources */,
				3D1147342756AE9900E303FE /* Storyboarded.swift in Sources */,
				3D9C49392758085600CB27AE /* HomeVC.swift in Sources */,
				3D9C49582758203C00CB27AE /* OnboardingVC.swift in Sources */,
				3D1146F227569B0700E303FE /* TargetType.swift in Sources */,
				3D1147162756A2E700E303FE /* SharedFactory.swift in Sources */,
				3D9C49412758191900CB27AE /* OrganizationAPI.swift in Sources */,
				3D11472E2756A56B00E303FE /* AnimalService.swift in Sources */,
				3D1146E4275696CD00E303FE /* DataController.swift in Sources */,
				3D9C49352758083F00CB27AE /* HomeCoordinator.swift in Sources */,
				3D1146FB27569D5200E303FE /* Coordinator.swift in Sources */,
				3D9C495A2758204500CB27AE /* OnboardingVM.swift in Sources */,
				3D11470F2756A24600E303FE /* String+Ext.swift in Sources */,
				3D1146F427569B2F00E303FE /* ClientProvider.swift in Sources */,
				3D9C49542758202900CB27AE /* OnboardingAPI.swift in Sources */,
				3D1146B0275695CD00E303FE /* AnimalsVC.swift in Sources */,
				3D1146AC275695CD00E303FE /* AppDelegate.swift in Sources */,
				3D9C49432758192800CB27AE /* OrganizationsVC.swift in Sources */,
				3D11472C2756A56100E303FE /* AnimalFactory.swift in Sources */,
				3D11470D2756A22D00E303FE /* Reusable.swift in Sources */,
				3D9C493D275818FE00CB27AE /* OrganizationFactory.swift in Sources */,
				3D11470A2756A18400E303FE /* ViewModel.swift in Sources */,
				3D9C49452758193300CB27AE /* OrganizationsVM.swift in Sources */,
				3D1147322756A76D00E303FE /* AnimalAPI.swift in Sources */,
				3D1147132756A28600E303FE /* UIImageView+Ext.swift in Sources */,
				3D1147072756A16B00E303FE /* ViewController.swift in Sources */,
				3D1146F727569B8A00E303FE /* Config.swift in Sources */,
				3D9C495D275823EC00CB27AE /* Token.swift in Sources */,
				3D11470027569DDF00E303FE /* Environment.swift in Sources */,
				3D1146F927569BE300E303FE /* ErrorHandler.swift in Sources */,
				3D9C49522758201F00CB27AE /* OnboardingFactory.swift in Sources */,
				3D11471C2756A42F00E303FE /* AppCoordinator.swift in Sources */,
				3D9C49372758084B00CB27AE /* HomeFactory.swift in Sources */,
				3D1147112756A26A00E303FE /* UITableView+Ext.swift in Sources */,
				3D1146B6275695CD00E303FE /* PetFinder.xcdatamodeld in Sources */,
				3D9C49502758201600CB27AE /* OnboardingCoordinator.swift in Sources */,
			);
			runOnlyForDeploymentPostprocessing = 0;
		};
		3D1146BD275695CF00E303FE /* Sources */ = {
			isa = PBXSourcesBuildPhase;
			buildActionMask = 2147483647;
			files = (
				3D1146C6275695CF00E303FE /* PetFinderTests.swift in Sources */,
			);
			runOnlyForDeploymentPostprocessing = 0;
		};
		3D1146C7275695CF00E303FE /* Sources */ = {
			isa = PBXSourcesBuildPhase;
			buildActionMask = 2147483647;
			files = (
				3D1146D2275695CF00E303FE /* PetFinderUITestsLaunchTests.swift in Sources */,
				3D1146D0275695CF00E303FE /* PetFinderUITests.swift in Sources */,
			);
			runOnlyForDeploymentPostprocessing = 0;
		};
/* End PBXSourcesBuildPhase section */

/* Begin PBXTargetDependency section */
		3D1146C3275695CF00E303FE /* PBXTargetDependency */ = {
			isa = PBXTargetDependency;
			target = 3D1146A7275695CD00E303FE /* PetFinder */;
			targetProxy = 3D1146C2275695CF00E303FE /* PBXContainerItemProxy */;
		};
		3D1146CD275695CF00E303FE /* PBXTargetDependency */ = {
			isa = PBXTargetDependency;
			target = 3D1146A7275695CD00E303FE /* PetFinder */;
			targetProxy = 3D1146CC275695CF00E303FE /* PBXContainerItemProxy */;
		};
/* End PBXTargetDependency section */

/* Begin PBXVariantGroup section */
		3D1146B1275695CD00E303FE /* Animal.storyboard */ = {
			isa = PBXVariantGroup;
			children = (
				3D1146B2275695CD00E303FE /* Base */,
			);
			name = Animal.storyboard;
			sourceTree = "<group>";
		};
		3D1146B9275695CF00E303FE /* LaunchScreen.storyboard */ = {
			isa = PBXVariantGroup;
			children = (
				3D1146BA275695CF00E303FE /* Base */,
			);
			name = LaunchScreen.storyboard;
			sourceTree = "<group>";
		};
/* End PBXVariantGroup section */

/* Begin XCBuildConfiguration section */
		3D1146D3275695CF00E303FE /* Debug */ = {
			isa = XCBuildConfiguration;
			buildSettings = {
				ALWAYS_SEARCH_USER_PATHS = NO;
				CLANG_ANALYZER_NONNULL = YES;
				CLANG_ANALYZER_NUMBER_OBJECT_CONVERSION = YES_AGGRESSIVE;
				CLANG_CXX_LANGUAGE_STANDARD = "gnu++17";
				CLANG_CXX_LIBRARY = "libc++";
				CLANG_ENABLE_MODULES = YES;
				CLANG_ENABLE_OBJC_ARC = YES;
				CLANG_ENABLE_OBJC_WEAK = YES;
				CLANG_WARN_BLOCK_CAPTURE_AUTORELEASING = YES;
				CLANG_WARN_BOOL_CONVERSION = YES;
				CLANG_WARN_COMMA = YES;
				CLANG_WARN_CONSTANT_CONVERSION = YES;
				CLANG_WARN_DEPRECATED_OBJC_IMPLEMENTATIONS = YES;
				CLANG_WARN_DIRECT_OBJC_ISA_USAGE = YES_ERROR;
				CLANG_WARN_DOCUMENTATION_COMMENTS = YES;
				CLANG_WARN_EMPTY_BODY = YES;
				CLANG_WARN_ENUM_CONVERSION = YES;
				CLANG_WARN_INFINITE_RECURSION = YES;
				CLANG_WARN_INT_CONVERSION = YES;
				CLANG_WARN_NON_LITERAL_NULL_CONVERSION = YES;
				CLANG_WARN_OBJC_IMPLICIT_RETAIN_SELF = YES;
				CLANG_WARN_OBJC_LITERAL_CONVERSION = YES;
				CLANG_WARN_OBJC_ROOT_CLASS = YES_ERROR;
				CLANG_WARN_QUOTED_INCLUDE_IN_FRAMEWORK_HEADER = YES;
				CLANG_WARN_RANGE_LOOP_ANALYSIS = YES;
				CLANG_WARN_STRICT_PROTOTYPES = YES;
				CLANG_WARN_SUSPICIOUS_MOVE = YES;
				CLANG_WARN_UNGUARDED_AVAILABILITY = YES_AGGRESSIVE;
				CLANG_WARN_UNREACHABLE_CODE = YES;
				CLANG_WARN__DUPLICATE_METHOD_MATCH = YES;
				COPY_PHASE_STRIP = NO;
				DEBUG_INFORMATION_FORMAT = dwarf;
				ENABLE_STRICT_OBJC_MSGSEND = YES;
				ENABLE_TESTABILITY = YES;
				GCC_C_LANGUAGE_STANDARD = gnu11;
				GCC_DYNAMIC_NO_PIC = NO;
				GCC_NO_COMMON_BLOCKS = YES;
				GCC_OPTIMIZATION_LEVEL = 0;
				GCC_PREPROCESSOR_DEFINITIONS = (
					"DEBUG=1",
					"$(inherited)",
				);
				GCC_WARN_64_TO_32_BIT_CONVERSION = YES;
				GCC_WARN_ABOUT_RETURN_TYPE = YES_ERROR;
				GCC_WARN_UNDECLARED_SELECTOR = YES;
				GCC_WARN_UNINITIALIZED_AUTOS = YES_AGGRESSIVE;
				GCC_WARN_UNUSED_FUNCTION = YES;
				GCC_WARN_UNUSED_VARIABLE = YES;
				IPHONEOS_DEPLOYMENT_TARGET = 15.0;
				MTL_ENABLE_DEBUG_INFO = INCLUDE_SOURCE;
				MTL_FAST_MATH = YES;
				ONLY_ACTIVE_ARCH = YES;
				SDKROOT = iphoneos;
				SWIFT_ACTIVE_COMPILATION_CONDITIONS = DEBUG;
				SWIFT_OPTIMIZATION_LEVEL = "-Onone";
			};
			name = Debug;
		};
		3D1146D4275695CF00E303FE /* Release */ = {
			isa = XCBuildConfiguration;
			buildSettings = {
				ALWAYS_SEARCH_USER_PATHS = NO;
				CLANG_ANALYZER_NONNULL = YES;
				CLANG_ANALYZER_NUMBER_OBJECT_CONVERSION = YES_AGGRESSIVE;
				CLANG_CXX_LANGUAGE_STANDARD = "gnu++17";
				CLANG_CXX_LIBRARY = "libc++";
				CLANG_ENABLE_MODULES = YES;
				CLANG_ENABLE_OBJC_ARC = YES;
				CLANG_ENABLE_OBJC_WEAK = YES;
				CLANG_WARN_BLOCK_CAPTURE_AUTORELEASING = YES;
				CLANG_WARN_BOOL_CONVERSION = YES;
				CLANG_WARN_COMMA = YES;
				CLANG_WARN_CONSTANT_CONVERSION = YES;
				CLANG_WARN_DEPRECATED_OBJC_IMPLEMENTATIONS = YES;
				CLANG_WARN_DIRECT_OBJC_ISA_USAGE = YES_ERROR;
				CLANG_WARN_DOCUMENTATION_COMMENTS = YES;
				CLANG_WARN_EMPTY_BODY = YES;
				CLANG_WARN_ENUM_CONVERSION = YES;
				CLANG_WARN_INFINITE_RECURSION = YES;
				CLANG_WARN_INT_CONVERSION = YES;
				CLANG_WARN_NON_LITERAL_NULL_CONVERSION = YES;
				CLANG_WARN_OBJC_IMPLICIT_RETAIN_SELF = YES;
				CLANG_WARN_OBJC_LITERAL_CONVERSION = YES;
				CLANG_WARN_OBJC_ROOT_CLASS = YES_ERROR;
				CLANG_WARN_QUOTED_INCLUDE_IN_FRAMEWORK_HEADER = YES;
				CLANG_WARN_RANGE_LOOP_ANALYSIS = YES;
				CLANG_WARN_STRICT_PROTOTYPES = YES;
				CLANG_WARN_SUSPICIOUS_MOVE = YES;
				CLANG_WARN_UNGUARDED_AVAILABILITY = YES_AGGRESSIVE;
				CLANG_WARN_UNREACHABLE_CODE = YES;
				CLANG_WARN__DUPLICATE_METHOD_MATCH = YES;
				COPY_PHASE_STRIP = NO;
				DEBUG_INFORMATION_FORMAT = "dwarf-with-dsym";
				ENABLE_NS_ASSERTIONS = NO;
				ENABLE_STRICT_OBJC_MSGSEND = YES;
				GCC_C_LANGUAGE_STANDARD = gnu11;
				GCC_NO_COMMON_BLOCKS = YES;
				GCC_WARN_64_TO_32_BIT_CONVERSION = YES;
				GCC_WARN_ABOUT_RETURN_TYPE = YES_ERROR;
				GCC_WARN_UNDECLARED_SELECTOR = YES;
				GCC_WARN_UNINITIALIZED_AUTOS = YES_AGGRESSIVE;
				GCC_WARN_UNUSED_FUNCTION = YES;
				GCC_WARN_UNUSED_VARIABLE = YES;
				IPHONEOS_DEPLOYMENT_TARGET = 15.0;
				MTL_ENABLE_DEBUG_INFO = NO;
				MTL_FAST_MATH = YES;
				SDKROOT = iphoneos;
				SWIFT_COMPILATION_MODE = wholemodule;
				SWIFT_OPTIMIZATION_LEVEL = "-O";
				VALIDATE_PRODUCT = YES;
			};
			name = Release;
		};
		3D1146D6275695CF00E303FE /* Debug */ = {
			isa = XCBuildConfiguration;
			baseConfigurationReference = 3D11470327569E4F00E303FE /* Debug.xcconfig */;
			buildSettings = {
				ASSETCATALOG_COMPILER_APPICON_NAME = AppIcon;
				ASSETCATALOG_COMPILER_GLOBAL_ACCENT_COLOR_NAME = AccentColor;
				CODE_SIGN_STYLE = Automatic;
				CURRENT_PROJECT_VERSION = 1;
				DEVELOPMENT_TEAM = UD7WHFPS9C;
				GENERATE_INFOPLIST_FILE = YES;
				INFOPLIST_FILE = PetFinder/SupportingItems/Info.plist;
				INFOPLIST_KEY_UIApplicationSupportsIndirectInputEvents = YES;
				INFOPLIST_KEY_UILaunchStoryboardName = LaunchScreen;
				INFOPLIST_KEY_UISupportedInterfaceOrientations = UIInterfaceOrientationPortrait;
				INFOPLIST_KEY_UISupportedInterfaceOrientations_iPad = "UIInterfaceOrientationPortrait UIInterfaceOrientationPortraitUpsideDown UIInterfaceOrientationLandscapeLeft UIInterfaceOrientationLandscapeRight";
				INFOPLIST_KEY_UISupportedInterfaceOrientations_iPhone = "UIInterfaceOrientationPortrait UIInterfaceOrientationLandscapeLeft UIInterfaceOrientationLandscapeRight";
				LD_RUNPATH_SEARCH_PATHS = (
					"$(inherited)",
					"@executable_path/Frameworks",
				);
				MARKETING_VERSION = 1.0;
				PRODUCT_BUNDLE_IDENTIFIER = com.haydar.PetFinder;
				PRODUCT_NAME = "$(TARGET_NAME)";
				SWIFT_EMIT_LOC_STRINGS = YES;
				SWIFT_VERSION = 5.0;
				TARGETED_DEVICE_FAMILY = 1;
			};
			name = Debug;
		};
		3D1146D7275695CF00E303FE /* Release */ = {
			isa = XCBuildConfiguration;
			baseConfigurationReference = 3D11470427569E5F00E303FE /* Release.xcconfig */;
			buildSettings = {
				ASSETCATALOG_COMPILER_APPICON_NAME = AppIcon;
				ASSETCATALOG_COMPILER_GLOBAL_ACCENT_COLOR_NAME = AccentColor;
				CODE_SIGN_STYLE = Automatic;
				CURRENT_PROJECT_VERSION = 1;
				DEVELOPMENT_TEAM = UD7WHFPS9C;
				GENERATE_INFOPLIST_FILE = YES;
				INFOPLIST_FILE = PetFinder/SupportingItems/Info.plist;
				INFOPLIST_KEY_UIApplicationSupportsIndirectInputEvents = YES;
				INFOPLIST_KEY_UILaunchStoryboardName = LaunchScreen;
				INFOPLIST_KEY_UISupportedInterfaceOrientations = UIInterfaceOrientationPortrait;
				INFOPLIST_KEY_UISupportedInterfaceOrientations_iPad = "UIInterfaceOrientationPortrait UIInterfaceOrientationPortraitUpsideDown UIInterfaceOrientationLandscapeLeft UIInterfaceOrientationLandscapeRight";
				INFOPLIST_KEY_UISupportedInterfaceOrientations_iPhone = "UIInterfaceOrientationPortrait UIInterfaceOrientationLandscapeLeft UIInterfaceOrientationLandscapeRight";
				LD_RUNPATH_SEARCH_PATHS = (
					"$(inherited)",
					"@executable_path/Frameworks",
				);
				MARKETING_VERSION = 1.0;
				PRODUCT_BUNDLE_IDENTIFIER = com.haydar.PetFinder;
				PRODUCT_NAME = "$(TARGET_NAME)";
				SWIFT_EMIT_LOC_STRINGS = YES;
				SWIFT_VERSION = 5.0;
				TARGETED_DEVICE_FAMILY = 1;
			};
			name = Release;
		};
		3D1146D9275695CF00E303FE /* Debug */ = {
			isa = XCBuildConfiguration;
			buildSettings = {
				ALWAYS_EMBED_SWIFT_STANDARD_LIBRARIES = YES;
				BUNDLE_LOADER = "$(TEST_HOST)";
				CODE_SIGN_STYLE = Automatic;
				CURRENT_PROJECT_VERSION = 1;
				DEVELOPMENT_TEAM = UD7WHFPS9C;
				GENERATE_INFOPLIST_FILE = YES;
				IPHONEOS_DEPLOYMENT_TARGET = 15.0;
				LD_RUNPATH_SEARCH_PATHS = (
					"$(inherited)",
					"@executable_path/Frameworks",
					"@loader_path/Frameworks",
				);
				MARKETING_VERSION = 1.0;
				PRODUCT_BUNDLE_IDENTIFIER = com.haydar.PetFinderTests;
				PRODUCT_NAME = "$(TARGET_NAME)";
				SWIFT_EMIT_LOC_STRINGS = NO;
				SWIFT_VERSION = 5.0;
				TARGETED_DEVICE_FAMILY = "1,2";
				TEST_HOST = "$(BUILT_PRODUCTS_DIR)/PetFinder.app/PetFinder";
			};
			name = Debug;
		};
		3D1146DA275695CF00E303FE /* Release */ = {
			isa = XCBuildConfiguration;
			buildSettings = {
				ALWAYS_EMBED_SWIFT_STANDARD_LIBRARIES = YES;
				BUNDLE_LOADER = "$(TEST_HOST)";
				CODE_SIGN_STYLE = Automatic;
				CURRENT_PROJECT_VERSION = 1;
				DEVELOPMENT_TEAM = UD7WHFPS9C;
				GENERATE_INFOPLIST_FILE = YES;
				IPHONEOS_DEPLOYMENT_TARGET = 15.0;
				LD_RUNPATH_SEARCH_PATHS = (
					"$(inherited)",
					"@executable_path/Frameworks",
					"@loader_path/Frameworks",
				);
				MARKETING_VERSION = 1.0;
				PRODUCT_BUNDLE_IDENTIFIER = com.haydar.PetFinderTests;
				PRODUCT_NAME = "$(TARGET_NAME)";
				SWIFT_EMIT_LOC_STRINGS = NO;
				SWIFT_VERSION = 5.0;
				TARGETED_DEVICE_FAMILY = "1,2";
				TEST_HOST = "$(BUILT_PRODUCTS_DIR)/PetFinder.app/PetFinder";
			};
			name = Release;
		};
		3D1146DC275695CF00E303FE /* Debug */ = {
			isa = XCBuildConfiguration;
			buildSettings = {
				ALWAYS_EMBED_SWIFT_STANDARD_LIBRARIES = YES;
				CODE_SIGN_STYLE = Automatic;
				CURRENT_PROJECT_VERSION = 1;
				DEVELOPMENT_TEAM = UD7WHFPS9C;
				GENERATE_INFOPLIST_FILE = YES;
				LD_RUNPATH_SEARCH_PATHS = (
					"$(inherited)",
					"@executable_path/Frameworks",
					"@loader_path/Frameworks",
				);
				MARKETING_VERSION = 1.0;
				PRODUCT_BUNDLE_IDENTIFIER = com.haydar.PetFinderUITests;
				PRODUCT_NAME = "$(TARGET_NAME)";
				SWIFT_EMIT_LOC_STRINGS = NO;
				SWIFT_VERSION = 5.0;
				TARGETED_DEVICE_FAMILY = "1,2";
				TEST_TARGET_NAME = PetFinder;
			};
			name = Debug;
		};
		3D1146DD275695CF00E303FE /* Release */ = {
			isa = XCBuildConfiguration;
			buildSettings = {
				ALWAYS_EMBED_SWIFT_STANDARD_LIBRARIES = YES;
				CODE_SIGN_STYLE = Automatic;
				CURRENT_PROJECT_VERSION = 1;
				DEVELOPMENT_TEAM = UD7WHFPS9C;
				GENERATE_INFOPLIST_FILE = YES;
				LD_RUNPATH_SEARCH_PATHS = (
					"$(inherited)",
					"@executable_path/Frameworks",
					"@loader_path/Frameworks",
				);
				MARKETING_VERSION = 1.0;
				PRODUCT_BUNDLE_IDENTIFIER = com.haydar.PetFinderUITests;
				PRODUCT_NAME = "$(TARGET_NAME)";
				SWIFT_EMIT_LOC_STRINGS = NO;
				SWIFT_VERSION = 5.0;
				TARGETED_DEVICE_FAMILY = "1,2";
				TEST_TARGET_NAME = PetFinder;
			};
			name = Release;
		};
/* End XCBuildConfiguration section */

/* Begin XCConfigurationList section */
		3D1146A3275695CD00E303FE /* Build configuration list for PBXProject "PetFinder" */ = {
			isa = XCConfigurationList;
			buildConfigurations = (
				3D1146D3275695CF00E303FE /* Debug */,
				3D1146D4275695CF00E303FE /* Release */,
			);
			defaultConfigurationIsVisible = 0;
			defaultConfigurationName = Release;
		};
		3D1146D5275695CF00E303FE /* Build configuration list for PBXNativeTarget "PetFinder" */ = {
			isa = XCConfigurationList;
			buildConfigurations = (
				3D1146D6275695CF00E303FE /* Debug */,
				3D1146D7275695CF00E303FE /* Release */,
			);
			defaultConfigurationIsVisible = 0;
			defaultConfigurationName = Release;
		};
		3D1146D8275695CF00E303FE /* Build configuration list for PBXNativeTarget "PetFinderTests" */ = {
			isa = XCConfigurationList;
			buildConfigurations = (
				3D1146D9275695CF00E303FE /* Debug */,
				3D1146DA275695CF00E303FE /* Release */,
			);
			defaultConfigurationIsVisible = 0;
			defaultConfigurationName = Release;
		};
		3D1146DB275695CF00E303FE /* Build configuration list for PBXNativeTarget "PetFinderUITests" */ = {
			isa = XCConfigurationList;
			buildConfigurations = (
				3D1146DC275695CF00E303FE /* Debug */,
				3D1146DD275695CF00E303FE /* Release */,
			);
			defaultConfigurationIsVisible = 0;
			defaultConfigurationName = Release;
		};
/* End XCConfigurationList section */

/* Begin XCVersionGroup section */
		3D1146B4275695CD00E303FE /* PetFinder.xcdatamodeld */ = {
			isa = XCVersionGroup;
			children = (
				3D1146B5275695CD00E303FE /* PetFinder.xcdatamodel */,
			);
			currentVersion = 3D1146B5275695CD00E303FE /* PetFinder.xcdatamodel */;
			path = PetFinder.xcdatamodeld;
			sourceTree = "<group>";
			versionGroupType = wrapper.xcdatamodel;
		};
/* End XCVersionGroup section */
	};
	rootObject = 3D1146A0275695CD00E303FE /* Project object */;
}
